proj_file_hash = "9e7130a592fa36bf431cf0d30841eb4c"

[[dependencies]]
name = "character"
version = "1.0.1"
path = ".fixlang/deps/character_1.0.1"

[dependencies.git]
repo = "https://github.com/tttmmmyyyy/fixlang-character.git"
rev = "fd75a6634ec0c919f2d1703112d25da9a3c2346e"

[[dependencies]]
name = "minilib-common"
version = "0.14.2"
path = ".fixlang/deps/minilib-common_0.14.2"

[dependencies.git]
repo = "https://github.com/pt9999/fixlang-minilib-common.git"
rev = "8bf582caa717d2c5115c890547e06ef8ff77db04"

[[dependencies]]
name = "time"
version = "2.0.0"
path = ".fixlang/deps/time_2.0.0"

[dependencies.git]
repo = "https://github.com/tttmmmyyyy/fixlang-time.git"
rev = "bcf93dd61eb167e3ffe64ca9ca83ac2aea06587e"
